
Microsoft Visual Studio Solution File, Format Version 12.00
# Visual Studio 15
VisualStudioVersion = 15.0.27004.2009
MinimumVisualStudioVersion = 10.0.40219.1
Project("{2150E333-8FDC-42A3-9474-1A3956D46DE8}") = "NET", "NET", "{30FFEC18-C52E-452A-92B8-6B8CA8912F21}"
EndProject
Project("{2150E333-8FDC-42A3-9474-1A3956D46DE8}") = "01-Presentation", "01-Presentation", "{E8B5BF8C-C7F2-48E1-A03B-6F4B64B19CEE}"
EndProject
Project("{2150E333-8FDC-42A3-9474-1A3956D46DE8}") = "02-Domain", "02-Domain", "{83F3C353-799F-4F01-AC04-EFB4CFECB190}"
EndProject
Project("{2150E333-8FDC-42A3-9474-1A3956D46DE8}") = "03-Data", "03-Data", "{F22DAB3A-E1A2-4038-8995-D280E2C6D83B}"
EndProject
Project("{2150E333-8FDC-42A3-9474-1A3956D46DE8}") = "04-Support", "04-Support", "{7A1CADF8-5D3F-470F-8F91-A059E4A1B8F4}"
EndProject
Project("{2150E333-8FDC-42A3-9474-1A3956D46DE8}") = "05-Common", "05-Common", "{55E636CA-EC4A-44B4-8F8A-EF02E2DC4809}"
EndProject
Project("{FAE04EC0-301F-11D3-BF4B-00C04F79EFBC}") = "JobLogger.Services", "JobLogger.Services\JobLogger.Services.csproj", "{1F580DF3-565C-4C21-B5D2-350E37AA55E1}"
EndProject
Project("{FAE04EC0-301F-11D3-BF4B-00C04F79EFBC}") = "JobLogger.IServices", "JobLogger.IServices\JobLogger.IServices.csproj", "{0DA79C92-3860-427F-AC6D-1B7A32606872}"
EndProject
Project("{FAE04EC0-301F-11D3-BF4B-00C04F79EFBC}") = "JobLogger.Data", "JobLogger.Data\JobLogger.Data.csproj", "{03D5051E-74D6-46B5-86F2-0D1CAE7901A4}"
EndProject
Project("{FAE04EC0-301F-11D3-BF4B-00C04F79EFBC}") = "JobLogger.Repositories", "JobLogger.Repositories\JobLogger.Repositories.csproj", "{84A2EC21-25FE-4971-93A9-F50E76F540C1}"
EndProject
Project("{FAE04EC0-301F-11D3-BF4B-00C04F79EFBC}") = "JobLogger.IRepositories", "JobLogger.IRepositories\JobLogger.IRepositories.csproj", "{0F4AB3C7-7BED-417B-9B7C-C1D48FA69BD9}"
EndProject
Project("{FAE04EC0-301F-11D3-BF4B-00C04F79EFBC}") = "JobLogger.DependencyInjection", "JobLogger.DependencyInjection\JobLogger.DependencyInjection.csproj", "{7B641595-CB7B-448C-9397-7F06D5A5185F}"
EndProject
Project("{FAE04EC0-301F-11D3-BF4B-00C04F79EFBC}") = "JobLogger.DataAccessObjects", "JobLogger.DataAccessObjects\JobLogger.DataAccessObjects.csproj", "{9D57D209-7F7A-49FF-AFF4-64C4F96EA78B}"
EndProject
Project("{FAE04EC0-301F-11D3-BF4B-00C04F79EFBC}") = "JobLogger.Common", "JobLogger.Common\JobLogger.Common.csproj", "{17E38727-B71A-4DF1-8E49-AFF281871BE4}"
EndProject
Project("{FAE04EC0-301F-11D3-BF4B-00C04F79EFBC}") = "JobLogger.UI.WEB", "JobLogger.UI.WEB\JobLogger.UI.WEB.csproj", "{BF8F45ED-6689-4B3E-9D7B-5C013B586400}"
EndProject
Project("{2150E333-8FDC-42A3-9474-1A3956D46DE8}") = "06-Test", "06-Test", "{A36C8B2B-61F2-416E-A2CE-C5AD066CC95B}"
EndProject
Project("{FAE04EC0-301F-11D3-BF4B-00C04F79EFBC}") = "JobLogger.Test", "JobLogger.Test\JobLogger.Test.csproj", "{90BCC1F2-DB0B-4F4D-BA6F-5065A5737FB8}"
EndProject
Project("{2150E333-8FDC-42A3-9474-1A3956D46DE8}") = "NET CORE", "NET CORE", "{16942DA9-A252-4710-898D-FD84B75A13C8}"
EndProject
Project("{2150E333-8FDC-42A3-9474-1A3956D46DE8}") = "01-Presentation", "01-Presentation", "{22789EFE-0A99-4C5A-A26D-A3E37C0993FE}"
EndProject
Project("{2150E333-8FDC-42A3-9474-1A3956D46DE8}") = "02-Domain", "02-Domain", "{7F098676-51AF-48F2-B950-2975EDD3BDA6}"
EndProject
Project("{2150E333-8FDC-42A3-9474-1A3956D46DE8}") = "03-Data", "03-Data", "{57CD6609-E1D3-4D35-9945-6A334BD9917A}"
EndProject
Project("{2150E333-8FDC-42A3-9474-1A3956D46DE8}") = "05-Common", "05-Common", "{C5CA8570-F0DC-460F-A02C-FC9A41559A20}"
EndProject
Project("{2150E333-8FDC-42A3-9474-1A3956D46DE8}") = "04-Support", "04-Support", "{9DDC032D-A588-4E7E-9711-89DB6B34AEA0}"
EndProject
Project("{2150E333-8FDC-42A3-9474-1A3956D46DE8}") = "06-Test", "06-Test", "{1E652D2D-D281-4FC5-BEE5-804E51065149}"
EndProject
Project("{FAE04EC0-301F-11D3-BF4B-00C04F79EFBC}") = "JobLoggerCORE.IServices", "JobLoggerCORE.IServices\JobLoggerCORE.IServices.csproj", "{845630C8-3B83-4965-A43C-D3787EE27EF6}"
EndProject
Project("{FAE04EC0-301F-11D3-BF4B-00C04F79EFBC}") = "JobLoggerCORE.Services", "JobLoggerCORE.Services\JobLoggerCORE.Services.csproj", "{5EE3A2C4-C178-4AF2-96F0-DADEE3992BA0}"
EndProject
Project("{FAE04EC0-301F-11D3-BF4B-00C04F79EFBC}") = "JobLoggerCORE.Data", "JobLoggerCORE.Data\JobLoggerCORE.Data.csproj", "{E1548D46-D9CA-42E8-913C-A162380DA972}"
EndProject
Project("{FAE04EC0-301F-11D3-BF4B-00C04F79EFBC}") = "JobLoggerCORE.UI.Web", "JobLoggerCore.UI.Web\JobLoggerCORE.UI.Web.csproj", "{F4171CD5-2419-4C78-B767-5FC61B986F33}"
EndProject
Project("{FAE04EC0-301F-11D3-BF4B-00C04F79EFBC}") = "JobLoggerCORE.DataAccessObjects", "JobLoggerCORE.DataAccessObjects\JobLoggerCORE.DataAccessObjects.csproj", "{6BFE02D5-CF00-45A1-8619-10E78CB67C5E}"
EndProject
Project("{FAE04EC0-301F-11D3-BF4B-00C04F79EFBC}") = "JobLoggerCORE.DependencyInjection", "JobLoggerCORE.DependencyInjection\JobLoggerCORE.DependencyInjection.csproj", "{216A425F-67C1-4F98-AB17-29C7A7C82515}"
EndProject
Project("{FAE04EC0-301F-11D3-BF4B-00C04F79EFBC}") = "JobLoggerCORE.IRepositories", "JobLoggerCORE.IRepositories\JobLoggerCORE.IRepositories.csproj", "{43128B3A-4F4C-4DDA-8A4D-5DE81767E040}"
EndProject
Project("{FAE04EC0-301F-11D3-BF4B-00C04F79EFBC}") = "JobLoggerCORE.Repositories", "JobLoggerCORE.Repositories\JobLoggerCORE.Repositories.csproj", "{982D4A4B-5907-4EF7-8527-D84C068F3C9A}"
EndProject
Project("{FAE04EC0-301F-11D3-BF4B-00C04F79EFBC}") = "JobLoggerCORE.Common", "JobLoggerCORE.Common\JobLoggerCORE.Common.csproj", "{5F013F9F-F748-4DA6-991E-4618B4FD05F7}"
EndProject
Project("{FAE04EC0-301F-11D3-BF4B-00C04F79EFBC}") = "JobLoggerCORE.Test", "JobLoggerCORE.Test\JobLoggerCORE.Test.csproj", "{C10B9628-7317-4D1D-800B-AB2394C31D84}"
EndProject
Global
	GlobalSection(SolutionConfigurationPlatforms) = preSolution
		Debug|Any CPU = Debug|Any CPU
		Release|Any CPU = Release|Any CPU
	EndGlobalSection
	GlobalSection(ProjectConfigurationPlatforms) = postSolution
		{1F580DF3-565C-4C21-B5D2-350E37AA55E1}.Debug|Any CPU.ActiveCfg = Debug|Any CPU
		{1F580DF3-565C-4C21-B5D2-350E37AA55E1}.Debug|Any CPU.Build.0 = Debug|Any CPU
		{1F580DF3-565C-4C21-B5D2-350E37AA55E1}.Release|Any CPU.ActiveCfg = Release|Any CPU
		{1F580DF3-565C-4C21-B5D2-350E37AA55E1}.Release|Any CPU.Build.0 = Release|Any CPU
		{0DA79C92-3860-427F-AC6D-1B7A32606872}.Debug|Any CPU.ActiveCfg = Debug|Any CPU
		{0DA79C92-3860-427F-AC6D-1B7A32606872}.Debug|Any CPU.Build.0 = Debug|Any CPU
		{0DA79C92-3860-427F-AC6D-1B7A32606872}.Release|Any CPU.ActiveCfg = Release|Any CPU
		{0DA79C92-3860-427F-AC6D-1B7A32606872}.Release|Any CPU.Build.0 = Release|Any CPU
		{03D5051E-74D6-46B5-86F2-0D1CAE7901A4}.Debug|Any CPU.ActiveCfg = Debug|Any CPU
		{03D5051E-74D6-46B5-86F2-0D1CAE7901A4}.Debug|Any CPU.Build.0 = Debug|Any CPU
		{03D5051E-74D6-46B5-86F2-0D1CAE7901A4}.Release|Any CPU.ActiveCfg = Release|Any CPU
		{03D5051E-74D6-46B5-86F2-0D1CAE7901A4}.Release|Any CPU.Build.0 = Release|Any CPU
		{84A2EC21-25FE-4971-93A9-F50E76F540C1}.Debug|Any CPU.ActiveCfg = Debug|Any CPU
		{84A2EC21-25FE-4971-93A9-F50E76F540C1}.Debug|Any CPU.Build.0 = Debug|Any CPU
		{84A2EC21-25FE-4971-93A9-F50E76F540C1}.Release|Any CPU.ActiveCfg = Release|Any CPU
		{84A2EC21-25FE-4971-93A9-F50E76F540C1}.Release|Any CPU.Build.0 = Release|Any CPU
		{0F4AB3C7-7BED-417B-9B7C-C1D48FA69BD9}.Debug|Any CPU.ActiveCfg = Debug|Any CPU
		{0F4AB3C7-7BED-417B-9B7C-C1D48FA69BD9}.Debug|Any CPU.Build.0 = Debug|Any CPU
		{0F4AB3C7-7BED-417B-9B7C-C1D48FA69BD9}.Release|Any CPU.ActiveCfg = Release|Any CPU
		{0F4AB3C7-7BED-417B-9B7C-C1D48FA69BD9}.Release|Any CPU.Build.0 = Release|Any CPU
		{7B641595-CB7B-448C-9397-7F06D5A5185F}.Debug|Any CPU.ActiveCfg = Debug|Any CPU
		{7B641595-CB7B-448C-9397-7F06D5A5185F}.Debug|Any CPU.Build.0 = Debug|Any CPU
		{7B641595-CB7B-448C-9397-7F06D5A5185F}.Release|Any CPU.ActiveCfg = Release|Any CPU
		{7B641595-CB7B-448C-9397-7F06D5A5185F}.Release|Any CPU.Build.0 = Release|Any CPU
		{9D57D209-7F7A-49FF-AFF4-64C4F96EA78B}.Debug|Any CPU.ActiveCfg = Debug|Any CPU
		{9D57D209-7F7A-49FF-AFF4-64C4F96EA78B}.Debug|Any CPU.Build.0 = Debug|Any CPU
		{9D57D209-7F7A-49FF-AFF4-64C4F96EA78B}.Release|Any CPU.ActiveCfg = Release|Any CPU
		{9D57D209-7F7A-49FF-AFF4-64C4F96EA78B}.Release|Any CPU.Build.0 = Release|Any CPU
		{17E38727-B71A-4DF1-8E49-AFF281871BE4}.Debug|Any CPU.ActiveCfg = Debug|Any CPU
		{17E38727-B71A-4DF1-8E49-AFF281871BE4}.Debug|Any CPU.Build.0 = Debug|Any CPU
		{17E38727-B71A-4DF1-8E49-AFF281871BE4}.Release|Any CPU.ActiveCfg = Release|Any CPU
		{17E38727-B71A-4DF1-8E49-AFF281871BE4}.Release|Any CPU.Build.0 = Release|Any CPU
		{BF8F45ED-6689-4B3E-9D7B-5C013B586400}.Debug|Any CPU.ActiveCfg = Debug|Any CPU
		{BF8F45ED-6689-4B3E-9D7B-5C013B586400}.Debug|Any CPU.Build.0 = Debug|Any CPU
		{BF8F45ED-6689-4B3E-9D7B-5C013B586400}.Release|Any CPU.ActiveCfg = Release|Any CPU
		{BF8F45ED-6689-4B3E-9D7B-5C013B586400}.Release|Any CPU.Build.0 = Release|Any CPU
		{90BCC1F2-DB0B-4F4D-BA6F-5065A5737FB8}.Debug|Any CPU.ActiveCfg = Debug|Any CPU
		{90BCC1F2-DB0B-4F4D-BA6F-5065A5737FB8}.Debug|Any CPU.Build.0 = Debug|Any CPU
		{90BCC1F2-DB0B-4F4D-BA6F-5065A5737FB8}.Release|Any CPU.ActiveCfg = Release|Any CPU
		{90BCC1F2-DB0B-4F4D-BA6F-5065A5737FB8}.Release|Any CPU.Build.0 = Release|Any CPU
		{845630C8-3B83-4965-A43C-D3787EE27EF6}.Debug|Any CPU.ActiveCfg = Debug|Any CPU
		{845630C8-3B83-4965-A43C-D3787EE27EF6}.Debug|Any CPU.Build.0 = Debug|Any CPU
		{845630C8-3B83-4965-A43C-D3787EE27EF6}.Release|Any CPU.ActiveCfg = Release|Any CPU
		{845630C8-3B83-4965-A43C-D3787EE27EF6}.Release|Any CPU.Build.0 = Release|Any CPU
		{5EE3A2C4-C178-4AF2-96F0-DADEE3992BA0}.Debug|Any CPU.ActiveCfg = Debug|Any CPU
		{5EE3A2C4-C178-4AF2-96F0-DADEE3992BA0}.Debug|Any CPU.Build.0 = Debug|Any CPU
		{5EE3A2C4-C178-4AF2-96F0-DADEE3992BA0}.Release|Any CPU.ActiveCfg = Release|Any CPU
		{5EE3A2C4-C178-4AF2-96F0-DADEE3992BA0}.Release|Any CPU.Build.0 = Release|Any CPU
		{E1548D46-D9CA-42E8-913C-A162380DA972}.Debug|Any CPU.ActiveCfg = Debug|Any CPU
		{E1548D46-D9CA-42E8-913C-A162380DA972}.Debug|Any CPU.Build.0 = Debug|Any CPU
		{E1548D46-D9CA-42E8-913C-A162380DA972}.Release|Any CPU.ActiveCfg = Release|Any CPU
		{E1548D46-D9CA-42E8-913C-A162380DA972}.Release|Any CPU.Build.0 = Release|Any CPU
		{F4171CD5-2419-4C78-B767-5FC61B986F33}.Debug|Any CPU.ActiveCfg = Debug|Any CPU
		{F4171CD5-2419-4C78-B767-5FC61B986F33}.Debug|Any CPU.Build.0 = Debug|Any CPU
		{F4171CD5-2419-4C78-B767-5FC61B986F33}.Release|Any CPU.ActiveCfg = Release|Any CPU
		{F4171CD5-2419-4C78-B767-5FC61B986F33}.Release|Any CPU.Build.0 = Release|Any CPU
		{6BFE02D5-CF00-45A1-8619-10E78CB67C5E}.Debug|Any CPU.ActiveCfg = Debug|Any CPU
		{6BFE02D5-CF00-45A1-8619-10E78CB67C5E}.Debug|Any CPU.Build.0 = Debug|Any CPU
		{6BFE02D5-CF00-45A1-8619-10E78CB67C5E}.Release|Any CPU.ActiveCfg = Release|Any CPU
		{6BFE02D5-CF00-45A1-8619-10E78CB67C5E}.Release|Any CPU.Build.0 = Release|Any CPU
		{216A425F-67C1-4F98-AB17-29C7A7C82515}.Debug|Any CPU.ActiveCfg = Debug|Any CPU
		{216A425F-67C1-4F98-AB17-29C7A7C82515}.Debug|Any CPU.Build.0 = Debug|Any CPU
		{216A425F-67C1-4F98-AB17-29C7A7C82515}.Release|Any CPU.ActiveCfg = Release|Any CPU
		{216A425F-67C1-4F98-AB17-29C7A7C82515}.Release|Any CPU.Build.0 = Release|Any CPU
		{43128B3A-4F4C-4DDA-8A4D-5DE81767E040}.Debug|Any CPU.ActiveCfg = Debug|Any CPU
		{43128B3A-4F4C-4DDA-8A4D-5DE81767E040}.Debug|Any CPU.Build.0 = Debug|Any CPU
		{43128B3A-4F4C-4DDA-8A4D-5DE81767E040}.Release|Any CPU.ActiveCfg = Release|Any CPU
		{43128B3A-4F4C-4DDA-8A4D-5DE81767E040}.Release|Any CPU.Build.0 = Release|Any CPU
		{982D4A4B-5907-4EF7-8527-D84C068F3C9A}.Debug|Any CPU.ActiveCfg = Debug|Any CPU
		{982D4A4B-5907-4EF7-8527-D84C068F3C9A}.Debug|Any CPU.Build.0 = Debug|Any CPU
		{982D4A4B-5907-4EF7-8527-D84C068F3C9A}.Release|Any CPU.ActiveCfg = Release|Any CPU
		{982D4A4B-5907-4EF7-8527-D84C068F3C9A}.Release|Any CPU.Build.0 = Release|Any CPU
		{5F013F9F-F748-4DA6-991E-4618B4FD05F7}.Debug|Any CPU.ActiveCfg = Debug|Any CPU
		{5F013F9F-F748-4DA6-991E-4618B4FD05F7}.Debug|Any CPU.Build.0 = Debug|Any CPU
		{5F013F9F-F748-4DA6-991E-4618B4FD05F7}.Release|Any CPU.ActiveCfg = Release|Any CPU
		{5F013F9F-F748-4DA6-991E-4618B4FD05F7}.Release|Any CPU.Build.0 = Release|Any CPU
		{C10B9628-7317-4D1D-800B-AB2394C31D84}.Debug|Any CPU.ActiveCfg = Debug|Any CPU
		{C10B9628-7317-4D1D-800B-AB2394C31D84}.Debug|Any CPU.Build.0 = Debug|Any CPU
		{C10B9628-7317-4D1D-800B-AB2394C31D84}.Release|Any CPU.ActiveCfg = Release|Any CPU
		{C10B9628-7317-4D1D-800B-AB2394C31D84}.Release|Any CPU.Build.0 = Release|Any CPU
	EndGlobalSection
	GlobalSection(SolutionProperties) = preSolution
		HideSolutionNode = FALSE
	EndGlobalSection
	GlobalSection(NestedProjects) = preSolution
		{E8B5BF8C-C7F2-48E1-A03B-6F4B64B19CEE} = {30FFEC18-C52E-452A-92B8-6B8CA8912F21}
		{83F3C353-799F-4F01-AC04-EFB4CFECB190} = {30FFEC18-C52E-452A-92B8-6B8CA8912F21}
		{F22DAB3A-E1A2-4038-8995-D280E2C6D83B} = {30FFEC18-C52E-452A-92B8-6B8CA8912F21}
		{7A1CADF8-5D3F-470F-8F91-A059E4A1B8F4} = {30FFEC18-C52E-452A-92B8-6B8CA8912F21}
		{55E636CA-EC4A-44B4-8F8A-EF02E2DC4809} = {30FFEC18-C52E-452A-92B8-6B8CA8912F21}
		{1F580DF3-565C-4C21-B5D2-350E37AA55E1} = {83F3C353-799F-4F01-AC04-EFB4CFECB190}
		{0DA79C92-3860-427F-AC6D-1B7A32606872} = {83F3C353-799F-4F01-AC04-EFB4CFECB190}
		{03D5051E-74D6-46B5-86F2-0D1CAE7901A4} = {F22DAB3A-E1A2-4038-8995-D280E2C6D83B}
		{84A2EC21-25FE-4971-93A9-F50E76F540C1} = {F22DAB3A-E1A2-4038-8995-D280E2C6D83B}
		{0F4AB3C7-7BED-417B-9B7C-C1D48FA69BD9} = {F22DAB3A-E1A2-4038-8995-D280E2C6D83B}
		{7B641595-CB7B-448C-9397-7F06D5A5185F} = {7A1CADF8-5D3F-470F-8F91-A059E4A1B8F4}
		{9D57D209-7F7A-49FF-AFF4-64C4F96EA78B} = {7A1CADF8-5D3F-470F-8F91-A059E4A1B8F4}
		{17E38727-B71A-4DF1-8E49-AFF281871BE4} = {55E636CA-EC4A-44B4-8F8A-EF02E2DC4809}
		{BF8F45ED-6689-4B3E-9D7B-5C013B586400} = {E8B5BF8C-C7F2-48E1-A03B-6F4B64B19CEE}
		{A36C8B2B-61F2-416E-A2CE-C5AD066CC95B} = {30FFEC18-C52E-452A-92B8-6B8CA8912F21}
		{90BCC1F2-DB0B-4F4D-BA6F-5065A5737FB8} = {A36C8B2B-61F2-416E-A2CE-C5AD066CC95B}
		{22789EFE-0A99-4C5A-A26D-A3E37C0993FE} = {16942DA9-A252-4710-898D-FD84B75A13C8}
		{7F098676-51AF-48F2-B950-2975EDD3BDA6} = {16942DA9-A252-4710-898D-FD84B75A13C8}
		{57CD6609-E1D3-4D35-9945-6A334BD9917A} = {16942DA9-A252-4710-898D-FD84B75A13C8}
		{C5CA8570-F0DC-460F-A02C-FC9A41559A20} = {16942DA9-A252-4710-898D-FD84B75A13C8}
		{9DDC032D-A588-4E7E-9711-89DB6B34AEA0} = {16942DA9-A252-4710-898D-FD84B75A13C8}
		{1E652D2D-D281-4FC5-BEE5-804E51065149} = {16942DA9-A252-4710-898D-FD84B75A13C8}
		{845630C8-3B83-4965-A43C-D3787EE27EF6} = {7F098676-51AF-48F2-B950-2975EDD3BDA6}
		{5EE3A2C4-C178-4AF2-96F0-DADEE3992BA0} = {7F098676-51AF-48F2-B950-2975EDD3BDA6}
		{E1548D46-D9CA-42E8-913C-A162380DA972} = {57CD6609-E1D3-4D35-9945-6A334BD9917A}
		{F4171CD5-2419-4C78-B767-5FC61B986F33} = {22789EFE-0A99-4C5A-A26D-A3E37C0993FE}
		{6BFE02D5-CF00-45A1-8619-10E78CB67C5E} = {9DDC032D-A588-4E7E-9711-89DB6B34AEA0}
		{216A425F-67C1-4F98-AB17-29C7A7C82515} = {9DDC032D-A588-4E7E-9711-89DB6B34AEA0}
		{43128B3A-4F4C-4DDA-8A4D-5DE81767E040} = {57CD6609-E1D3-4D35-9945-6A334BD9917A}
		{982D4A4B-5907-4EF7-8527-D84C068F3C9A} = {57CD6609-E1D3-4D35-9945-6A334BD9917A}
		{5F013F9F-F748-4DA6-991E-4618B4FD05F7} = {C5CA8570-F0DC-460F-A02C-FC9A41559A20}
		{C10B9628-7317-4D1D-800B-AB2394C31D84} = {1E652D2D-D281-4FC5-BEE5-804E51065149}
	EndGlobalSection
	GlobalSection(ExtensibilityGlobals) = postSolution
		SolutionGuid = {DE2F93EA-A761-4D5D-969E-205C53BBFC84}
	EndGlobalSection
EndGlobal
